
Microsoft Visual Studio Solution File, Format Version 12.00
# Visual Studio Version 16
VisualStudioVersion = 16.0.31424.327
MinimumVisualStudioVersion = 10.0.40219.1
Project("{FAE04EC0-301F-11D3-BF4B-00C04F79EFBC}") = "ATM", "ATM.csproj", "{44E5DE20-30DD-4DD5-B601-356117132763}"
EndProject
Global
	GlobalSection(SolutionConfigurationPlatforms) = preSolution
		Debug|Any CPU = Debug|Any CPU
		Release|Any CPU = Release|Any CPU
	EndGlobalSection
	GlobalSection(ProjectConfigurationPlatforms) = postSolution
		{44E5DE20-30DD-4DD5-B601-356117132763}.Debug|Any CPU.ActiveCfg = Debug|Any CPU
		{44E5DE20-30DD-4DD5-B601-356117132763}.Debug|Any CPU.Build.0 = Debug|Any CPU
		{44E5DE20-30DD-4DD5-B601-356117132763}.Release|Any CPU.ActiveCfg = Release|Any CPU
		{44E5DE20-30DD-4DD5-B601-356117132763}.Release|Any CPU.Build.0 = Release|Any CPU
	EndGlobalSection
	GlobalSection(SolutionProperties) = preSolution
		HideSolutionNode = FALSE
	EndGlobalSection
	GlobalSection(ExtensibilityGlobals) = postSolution
		SolutionGuid = {02C323AC-92F3-46E1-BDAF-316ADA9B671F}
	EndGlobalSection
EndGlobal
